{
     "name": "@kirtanmagan/dogify",
     "version": "1.0.1",
     "lockfileVersion": 2,
     "requires": true,
     "packages": {
          "": {
               "name": "@kirtanmagan/dogify",
               "version": "1.0.1",
               "license": "MIT",
               "dependencies": {
                    "@kirtanmagan/dogify": "^1.0.1"
               }
          },
          "node_modules/@kirtanmagan/dogify": {
               "version": "1.0.1",
               "resolved": "https://registry.npmjs.org/@kirtanmagan/dogify/-/dogify-1.0.1.tgz",
               "integrity": "sha512-x1yovT8DcVfhby9975xXTY+uYFrdMXekLuFpUtQwniwtd7Kbvx5tXiZBIN8Peeeolt31uMYxfLKIM488UKLCVg=="
          }
     },
     "dependencies": {
          "@kirtanmagan/dogify": {
               "version": "1.0.1",
               "resolved": "https://registry.npmjs.org/@kirtanmagan/dogify/-/dogify-1.0.1.tgz",
               "integrity": "sha512-x1yovT8DcVfhby9975xXTY+uYFrdMXekLuFpUtQwniwtd7Kbvx5tXiZBIN8Peeeolt31uMYxfLKIM488UKLCVg=="
          }
     }
}
